
Microsoft Visual Studio Solution File, Format Version 12.00
# Visual Studio Version 16
VisualStudioVersion = 16.0.29509.3
MinimumVisualStudioVersion = 10.0.40219.1
Project("{9A19103F-16F7-4668-BE54-9A1E7A4F7556}") = "kiweaponsaddons", "kiweaponsaddons.csproj", "{5B38B25B-8F6C-4A25-A3E5-9C3C4BD10665}"
EndProject
Global
	GlobalSection(SolutionConfigurationPlatforms) = preSolution
		Debug|Any CPU = Debug|Any CPU
		Release|Any CPU = Release|Any CPU
	EndGlobalSection
	GlobalSection(ProjectConfigurationPlatforms) = postSolution
		{5B38B25B-8F6C-4A25-A3E5-9C3C4BD10665}.Debug|Any CPU.ActiveCfg = Debug|Any CPU
		{5B38B25B-8F6C-4A25-A3E5-9C3C4BD10665}.Debug|Any CPU.Build.0 = Debug|Any CPU
		{5B38B25B-8F6C-4A25-A3E5-9C3C4BD10665}.Release|Any CPU.ActiveCfg = Release|Any CPU
		{5B38B25B-8F6C-4A25-A3E5-9C3C4BD10665}.Release|Any CPU.Build.0 = Release|Any CPU
	EndGlobalSection
	GlobalSection(SolutionProperties) = preSolution
		HideSolutionNode = FALSE
	EndGlobalSection
	GlobalSection(ExtensibilityGlobals) = postSolution
		SolutionGuid = {499FF081-CACF-421E-823A-42E04638C330}
	EndGlobalSection
EndGlobal
